github.com/aaronland/go-http-rewrite v1.1.0 h1:HhsltNyYRnIz2FR+qANZLx2ykiRuNuNK1JgPonKBLHQ=
github.com/aaronland/go-http-rewrite v1.1.0/go.mod h1:iA9jQBureJrzO6fTzmRLS+fkbAI1Fna71iTb1hP8n3k=
golang.org/x/net v0.25.0 h1:d/OCCoBEUq33pjydKrGQhw7IlUPI2Oylr+8qLx49kac=
golang.org/x/net v0.25.0/go.mod h1:JkAGAh7GEvH74S6FOH42FLoXpXbE/aqXSrIQjXgsiwM=
